{
  "version": 4,
  "terraform_version": "1.0.11",
  "serial": 13,
  "lineage": "cc736205-3ffe-7e59-0636-25fad2dade68",
  "outputs": {},
  "resources": [
    {
      "module": "module.rke-cluster[0]",
      "mode": "managed",
      "type": "aws_spot_instance_request",
      "name": "this",
      "provider": "provider[\"registry.terraform.io/hashicorp/aws\"]",
      "instances": [
        {
          "index_key": 0,
          "schema_version": 0,
          "attributes": {
            "ami": "ami-0a8e758f5e873d1c1",
            "arn": null,
            "associate_public_ip_address": null,
            "availability_zone": null,
            "block_duration_minutes": 0,
            "capacity_reservation_specification": null,
            "cpu_core_count": null,
            "cpu_threads_per_core": null,
            "credit_specification": [
              {
                "cpu_credits": null
              }
            ],
            "disable_api_termination": null,
            "ebs_block_device": [],
            "ebs_optimized": null,
            "enclave_options": [
              {
                "enabled": false
              }
            ],
            "ephemeral_block_device": [],
            "get_password_data": false,
            "hibernation": null,
            "host_id": null,
            "iam_instance_profile": null,
            "id": "sir-stnyax2m",
            "instance_initiated_shutdown_behavior": null,
            "instance_interruption_behavior": "terminate",
            "instance_interruption_behaviour": "terminate",
            "instance_state": null,
            "instance_type": "t3.xlarge",
            "ipv6_address_count": null,
            "ipv6_addresses": null,
            "key_name": "poc",
            "launch_group": "",
            "launch_template": [],
            "metadata_options": [
              {
                "http_endpoint": "enabled",
                "http_put_response_hop_limit": 1,
                "http_tokens": "optional"
              }
            ],
            "monitoring": false,
            "network_interface": [],
            "outpost_arn": null,
            "password_data": null,
            "placement_group": null,
            "placement_partition_number": null,
            "primary_network_interface_id": null,
            "private_dns": null,
            "private_ip": null,
            "public_dns": null,
            "public_ip": null,
            "root_block_device": [
              {
                "delete_on_termination": true,
                "device_name": "",
                "encrypted": false,
                "iops": 0,
                "kms_key_id": "",
                "tags": null,
                "throughput": 0,
                "volume_id": "",
                "volume_size": 30,
                "volume_type": "gp2"
              }
            ],
            "secondary_private_ips": [],
            "security_groups": [],
            "source_dest_check": true,
            "spot_bid_status": "pending-fulfillment",
            "spot_instance_id": null,
            "spot_price": "0.182400",
            "spot_request_state": "open",
            "spot_type": "one-time",
            "subnet_id": "subnet-f9b3fb9d",
            "tags": {
              "Desired-State": "Ignore",
              "Name": "rke2-cluster"
            },
            "tags_all": {
              "Desired-State": "Ignore",
              "Name": "rke2-cluster"
            },
            "tenancy": null,
            "timeouts": {
              "create": null,
              "delete": null
            },
            "user_data": null,
            "user_data_base64": null,
            "valid_from": "0001-01-01T00:00:00Z",
            "valid_until": "2021-12-07T12:15:53Z",
            "volume_tags": {
              "Name": "rke2-cluster"
            },
            "vpc_security_group_ids": [
              "sg-06fc2608409841b74"
            ],
            "wait_for_fulfillment": false
          },
          "sensitive_attributes": [],
          "private": "eyJlMmJmYjczMC1lY2FhLTExZTYtOGY4OC0zNDM2M2JjN2M0YzAiOnsiY3JlYXRlIjo2MDAwMDAwMDAwMDAsImRlbGV0ZSI6MTIwMDAwMDAwMDAwMH19"
        }
      ]
    },
    {
      "module": "module.rke-cluster[1]",
      "mode": "managed",
      "type": "aws_spot_instance_request",
      "name": "this",
      "provider": "provider[\"registry.terraform.io/hashicorp/aws\"]",
      "instances": [
        {
          "index_key": 0,
          "schema_version": 0,
          "attributes": {
            "ami": "ami-0a8e758f5e873d1c1",
            "arn": null,
            "associate_public_ip_address": null,
            "availability_zone": null,
            "block_duration_minutes": 0,
            "capacity_reservation_specification": null,
            "cpu_core_count": null,
            "cpu_threads_per_core": null,
            "credit_specification": [
              {
                "cpu_credits": null
              }
            ],
            "disable_api_termination": null,
            "ebs_block_device": [],
            "ebs_optimized": null,
            "enclave_options": [
              {
                "enabled": false
              }
            ],
            "ephemeral_block_device": [],
            "get_password_data": false,
            "hibernation": null,
            "host_id": null,
            "iam_instance_profile": null,
            "id": "sir-4aje81bm",
            "instance_initiated_shutdown_behavior": null,
            "instance_interruption_behavior": "terminate",
            "instance_interruption_behaviour": "terminate",
            "instance_state": null,
            "instance_type": "t3.xlarge",
            "ipv6_address_count": null,
            "ipv6_addresses": null,
            "key_name": "poc",
            "launch_group": "",
            "launch_template": [],
            "metadata_options": [
              {
                "http_endpoint": "enabled",
                "http_put_response_hop_limit": 1,
                "http_tokens": "optional"
              }
            ],
            "monitoring": false,
            "network_interface": [],
            "outpost_arn": null,
            "password_data": null,
            "placement_group": null,
            "placement_partition_number": null,
            "primary_network_interface_id": null,
            "private_dns": null,
            "private_ip": null,
            "public_dns": null,
            "public_ip": null,
            "root_block_device": [
              {
                "delete_on_termination": true,
                "device_name": "",
                "encrypted": false,
                "iops": 0,
                "kms_key_id": "",
                "tags": null,
                "throughput": 0,
                "volume_id": "",
                "volume_size": 30,
                "volume_type": "gp2"
              }
            ],
            "secondary_private_ips": [],
            "security_groups": [],
            "source_dest_check": true,
            "spot_bid_status": "pending-fulfillment",
            "spot_instance_id": null,
            "spot_price": "0.182400",
            "spot_request_state": "open",
            "spot_type": "one-time",
            "subnet_id": "subnet-f9b3fb9d",
            "tags": {
              "Desired-State": "Ignore",
              "Name": "rke2-cluster"
            },
            "tags_all": {
              "Desired-State": "Ignore",
              "Name": "rke2-cluster"
            },
            "tenancy": null,
            "timeouts": {
              "create": null,
              "delete": null
            },
            "user_data": null,
            "user_data_base64": null,
            "valid_from": "0001-01-01T00:00:00Z",
            "valid_until": "2021-12-07T12:15:53Z",
            "volume_tags": {
              "Name": "rke2-cluster"
            },
            "vpc_security_group_ids": [
              "sg-06fc2608409841b74"
            ],
            "wait_for_fulfillment": false
          },
          "sensitive_attributes": [],
          "private": "eyJlMmJmYjczMC1lY2FhLTExZTYtOGY4OC0zNDM2M2JjN2M0YzAiOnsiY3JlYXRlIjo2MDAwMDAwMDAwMDAsImRlbGV0ZSI6MTIwMDAwMDAwMDAwMH19"
        }
      ]
    },
    {
      "module": "module.rke-cluster[2]",
      "mode": "managed",
      "type": "aws_spot_instance_request",
      "name": "this",
      "provider": "provider[\"registry.terraform.io/hashicorp/aws\"]",
      "instances": [
        {
          "index_key": 0,
          "schema_version": 0,
          "attributes": {
            "ami": "ami-0a8e758f5e873d1c1",
            "arn": null,
            "associate_public_ip_address": null,
            "availability_zone": null,
            "block_duration_minutes": 0,
            "capacity_reservation_specification": null,
            "cpu_core_count": null,
            "cpu_threads_per_core": null,
            "credit_specification": [
              {
                "cpu_credits": null
              }
            ],
            "disable_api_termination": null,
            "ebs_block_device": [],
            "ebs_optimized": null,
            "enclave_options": [
              {
                "enabled": false
              }
            ],
            "ephemeral_block_device": [],
            "get_password_data": false,
            "hibernation": null,
            "host_id": null,
            "iam_instance_profile": null,
            "id": "sir-3yc6bnxn",
            "instance_initiated_shutdown_behavior": null,
            "instance_interruption_behavior": "terminate",
            "instance_interruption_behaviour": "terminate",
            "instance_state": null,
            "instance_type": "t3.xlarge",
            "ipv6_address_count": null,
            "ipv6_addresses": null,
            "key_name": "poc",
            "launch_group": "",
            "launch_template": [],
            "metadata_options": [
              {
                "http_endpoint": "enabled",
                "http_put_response_hop_limit": 1,
                "http_tokens": "optional"
              }
            ],
            "monitoring": false,
            "network_interface": [],
            "outpost_arn": null,
            "password_data": null,
            "placement_group": null,
            "placement_partition_number": null,
            "primary_network_interface_id": null,
            "private_dns": null,
            "private_ip": null,
            "public_dns": null,
            "public_ip": null,
            "root_block_device": [
              {
                "delete_on_termination": true,
                "device_name": "",
                "encrypted": false,
                "iops": 0,
                "kms_key_id": "",
                "tags": null,
                "throughput": 0,
                "volume_id": "",
                "volume_size": 30,
                "volume_type": "gp2"
              }
            ],
            "secondary_private_ips": [],
            "security_groups": [],
            "source_dest_check": true,
            "spot_bid_status": "pending-fulfillment",
            "spot_instance_id": null,
            "spot_price": "0.182400",
            "spot_request_state": "open",
            "spot_type": "one-time",
            "subnet_id": "subnet-f9b3fb9d",
            "tags": {
              "Desired-State": "Ignore",
              "Name": "rke2-cluster"
            },
            "tags_all": {
              "Desired-State": "Ignore",
              "Name": "rke2-cluster"
            },
            "tenancy": null,
            "timeouts": {
              "create": null,
              "delete": null
            },
            "user_data": null,
            "user_data_base64": null,
            "valid_from": "0001-01-01T00:00:00Z",
            "valid_until": "2021-12-07T12:15:53Z",
            "volume_tags": {
              "Name": "rke2-cluster"
            },
            "vpc_security_group_ids": [
              "sg-06fc2608409841b74"
            ],
            "wait_for_fulfillment": false
          },
          "sensitive_attributes": [],
          "private": "eyJlMmJmYjczMC1lY2FhLTExZTYtOGY4OC0zNDM2M2JjN2M0YzAiOnsiY3JlYXRlIjo2MDAwMDAwMDAwMDAsImRlbGV0ZSI6MTIwMDAwMDAwMDAwMH19"
        }
      ]
    },
    {
      "module": "module.rke-cluster[3]",
      "mode": "managed",
      "type": "aws_spot_instance_request",
      "name": "this",
      "provider": "provider[\"registry.terraform.io/hashicorp/aws\"]",
      "instances": [
        {
          "index_key": 0,
          "schema_version": 0,
          "attributes": {
            "ami": "ami-0a8e758f5e873d1c1",
            "arn": null,
            "associate_public_ip_address": null,
            "availability_zone": null,
            "block_duration_minutes": 0,
            "capacity_reservation_specification": null,
            "cpu_core_count": null,
            "cpu_threads_per_core": null,
            "credit_specification": [
              {
                "cpu_credits": null
              }
            ],
            "disable_api_termination": null,
            "ebs_block_device": [],
            "ebs_optimized": null,
            "enclave_options": [
              {
                "enabled": false
              }
            ],
            "ephemeral_block_device": [],
            "get_password_data": false,
            "hibernation": null,
            "host_id": null,
            "iam_instance_profile": null,
            "id": "sir-vxrpbsin",
            "instance_initiated_shutdown_behavior": null,
            "instance_interruption_behavior": "terminate",
            "instance_interruption_behaviour": "terminate",
            "instance_state": null,
            "instance_type": "t3.xlarge",
            "ipv6_address_count": null,
            "ipv6_addresses": null,
            "key_name": "poc",
            "launch_group": "",
            "launch_template": [],
            "metadata_options": [
              {
                "http_endpoint": "enabled",
                "http_put_response_hop_limit": 1,
                "http_tokens": "optional"
              }
            ],
            "monitoring": false,
            "network_interface": [],
            "outpost_arn": null,
            "password_data": null,
            "placement_group": null,
            "placement_partition_number": null,
            "primary_network_interface_id": null,
            "private_dns": null,
            "private_ip": null,
            "public_dns": null,
            "public_ip": null,
            "root_block_device": [
              {
                "delete_on_termination": true,
                "device_name": "",
                "encrypted": false,
                "iops": 0,
                "kms_key_id": "",
                "tags": null,
                "throughput": 0,
                "volume_id": "",
                "volume_size": 30,
                "volume_type": "gp2"
              }
            ],
            "secondary_private_ips": [],
            "security_groups": [],
            "source_dest_check": true,
            "spot_bid_status": "pending-fulfillment",
            "spot_instance_id": null,
            "spot_price": "0.182400",
            "spot_request_state": "open",
            "spot_type": "one-time",
            "subnet_id": "subnet-f9b3fb9d",
            "tags": {
              "Desired-State": "Ignore",
              "Name": "rke2-cluster"
            },
            "tags_all": {
              "Desired-State": "Ignore",
              "Name": "rke2-cluster"
            },
            "tenancy": null,
            "timeouts": {
              "create": null,
              "delete": null
            },
            "user_data": null,
            "user_data_base64": null,
            "valid_from": "0001-01-01T00:00:00Z",
            "valid_until": "2021-12-07T12:15:53Z",
            "volume_tags": {
              "Name": "rke2-cluster"
            },
            "vpc_security_group_ids": [
              "sg-06fc2608409841b74"
            ],
            "wait_for_fulfillment": false
          },
          "sensitive_attributes": [],
          "private": "eyJlMmJmYjczMC1lY2FhLTExZTYtOGY4OC0zNDM2M2JjN2M0YzAiOnsiY3JlYXRlIjo2MDAwMDAwMDAwMDAsImRlbGV0ZSI6MTIwMDAwMDAwMDAwMH19"
        }
      ]
    },
    {
      "module": "module.rke-cluster[4]",
      "mode": "managed",
      "type": "aws_spot_instance_request",
      "name": "this",
      "provider": "provider[\"registry.terraform.io/hashicorp/aws\"]",
      "instances": [
        {
          "index_key": 0,
          "schema_version": 0,
          "attributes": {
            "ami": "ami-0a8e758f5e873d1c1",
            "arn": null,
            "associate_public_ip_address": null,
            "availability_zone": null,
            "block_duration_minutes": 0,
            "capacity_reservation_specification": null,
            "cpu_core_count": null,
            "cpu_threads_per_core": null,
            "credit_specification": [
              {
                "cpu_credits": null
              }
            ],
            "disable_api_termination": null,
            "ebs_block_device": [],
            "ebs_optimized": null,
            "enclave_options": [
              {
                "enabled": false
              }
            ],
            "ephemeral_block_device": [],
            "get_password_data": false,
            "hibernation": null,
            "host_id": null,
            "iam_instance_profile": null,
            "id": "sir-z5368ckn",
            "instance_initiated_shutdown_behavior": null,
            "instance_interruption_behavior": "terminate",
            "instance_interruption_behaviour": "terminate",
            "instance_state": null,
            "instance_type": "t3.xlarge",
            "ipv6_address_count": null,
            "ipv6_addresses": null,
            "key_name": "poc",
            "launch_group": "",
            "launch_template": [],
            "metadata_options": [
              {
                "http_endpoint": "enabled",
                "http_put_response_hop_limit": 1,
                "http_tokens": "optional"
              }
            ],
            "monitoring": false,
            "network_interface": [],
            "outpost_arn": null,
            "password_data": null,
            "placement_group": null,
            "placement_partition_number": null,
            "primary_network_interface_id": null,
            "private_dns": null,
            "private_ip": null,
            "public_dns": null,
            "public_ip": null,
            "root_block_device": [
              {
                "delete_on_termination": true,
                "device_name": "",
                "encrypted": false,
                "iops": 0,
                "kms_key_id": "",
                "tags": null,
                "throughput": 0,
                "volume_id": "",
                "volume_size": 30,
                "volume_type": "gp2"
              }
            ],
            "secondary_private_ips": [],
            "security_groups": [],
            "source_dest_check": true,
            "spot_bid_status": "pending-fulfillment",
            "spot_instance_id": null,
            "spot_price": "0.182400",
            "spot_request_state": "open",
            "spot_type": "one-time",
            "subnet_id": "subnet-f9b3fb9d",
            "tags": {
              "Desired-State": "Ignore",
              "Name": "rke2-cluster"
            },
            "tags_all": {
              "Desired-State": "Ignore",
              "Name": "rke2-cluster"
            },
            "tenancy": null,
            "timeouts": {
              "create": null,
              "delete": null
            },
            "user_data": null,
            "user_data_base64": null,
            "valid_from": "0001-01-01T00:00:00Z",
            "valid_until": "2021-12-07T12:15:53Z",
            "volume_tags": {
              "Name": "rke2-cluster"
            },
            "vpc_security_group_ids": [
              "sg-06fc2608409841b74"
            ],
            "wait_for_fulfillment": false
          },
          "sensitive_attributes": [],
          "private": "eyJlMmJmYjczMC1lY2FhLTExZTYtOGY4OC0zNDM2M2JjN2M0YzAiOnsiY3JlYXRlIjo2MDAwMDAwMDAwMDAsImRlbGV0ZSI6MTIwMDAwMDAwMDAwMH19"
        }
      ]
    }
  ]
}
